%{"csv": {:hex, :csv, "1.4.0", "79d9ecb949b27bcc2b5a03798b5d71fa81940d99fcf0d96ac2068e5ef29adac0", [:mix], [{:parallel_stream, "~> 1.0.3", [hex: :parallel_stream, optional: false]}]},
  "fs": {:hex, :fs, "0.9.2", "ed17036c26c3f70ac49781ed9220a50c36775c6ca2cf8182d123b6566e49ec59", [:rebar], []},
  "maptu": {:hex, :maptu, "0.1.0", "8b0a5dd013c3b26dc3dc0351a0e7b24160d437761e7a1f9154384bbd8a3e87d2", [:mix], []},
  "mix_test_watch": {:hex, :mix_test_watch, "0.2.6", "9fcc2b1b89d1594c4a8300959c19d50da2f0ff13642c8f681692a6e507f92cab", [:mix], [{:fs, "~> 0.9.1", [hex: :fs, optional: false]}]},
  "parallel_stream": {:hex, :parallel_stream, "1.0.3", "773ee166669eb21b5297ce41b3c7b474be096eb8ed052d457081289a1cf2507a", [:mix], []}}
